
Microsoft Visual Studio Solution File, Format Version 12.00
# Visual Studio Version 17
VisualStudioVersion = 17.6.33723.286
MinimumVisualStudioVersion = 10.0.40219.1
Project("{FAE04EC0-301F-11D3-BF4B-00C04F79EFBC}") = "GeometryExample", "GeometryExample.csproj", "{134BA87F-BCFD-4271-AFCA-B53A43A80FAF}"
EndProject
Global
	GlobalSection(SolutionConfigurationPlatforms) = preSolution
		Debug|Any CPU = Debug|Any CPU
		Release|Any CPU = Release|Any CPU
	EndGlobalSection
	GlobalSection(ProjectConfigurationPlatforms) = postSolution
		{134BA87F-BCFD-4271-AFCA-B53A43A80FAF}.Debug|Any CPU.ActiveCfg = Debug|Any CPU
		{134BA87F-BCFD-4271-AFCA-B53A43A80FAF}.Debug|Any CPU.Build.0 = Debug|Any CPU
		{134BA87F-BCFD-4271-AFCA-B53A43A80FAF}.Release|Any CPU.ActiveCfg = Release|Any CPU
		{134BA87F-BCFD-4271-AFCA-B53A43A80FAF}.Release|Any CPU.Build.0 = Release|Any CPU
	EndGlobalSection
	GlobalSection(SolutionProperties) = preSolution
		HideSolutionNode = FALSE
	EndGlobalSection
	GlobalSection(ExtensibilityGlobals) = postSolution
		SolutionGuid = {C0E38DC5-E514-4132-BE85-652E859A3C7C}
	EndGlobalSection
EndGlobal
